
Microsoft Visual Studio Solution File, Format Version 12.00
# Visual Studio 14
VisualStudioVersion = 14.0.24720.0
MinimumVisualStudioVersion = 10.0.40219.1
Project("{FAE04EC0-301F-11D3-BF4B-00C04F79EFBC}") = "imgchange", "imgchange\imgchange.csproj", "{75B646C1-8A41-448C-8686-14F96B78F847}"
EndProject
Global
	GlobalSection(SolutionConfigurationPlatforms) = preSolution
		Debug|Any CPU = Debug|Any CPU
		Release|Any CPU = Release|Any CPU
	EndGlobalSection
	GlobalSection(ProjectConfigurationPlatforms) = postSolution
		{75B646C1-8A41-448C-8686-14F96B78F847}.Debug|Any CPU.ActiveCfg = Debug|Any CPU
		{75B646C1-8A41-448C-8686-14F96B78F847}.Debug|Any CPU.Build.0 = Debug|Any CPU
		{75B646C1-8A41-448C-8686-14F96B78F847}.Release|Any CPU.ActiveCfg = Release|Any CPU
		{75B646C1-8A41-448C-8686-14F96B78F847}.Release|Any CPU.Build.0 = Release|Any CPU
	EndGlobalSection
	GlobalSection(SolutionProperties) = preSolution
		HideSolutionNode = FALSE
	EndGlobalSection
EndGlobal
